
Microsoft Visual Studio Solution File, Format Version 12.00
# Visual Studio 14
VisualStudioVersion = 14.0.25420.1
MinimumVisualStudioVersion = 10.0.40219.1
Project("{FAE04EC0-301F-11D3-BF4B-00C04F79EFBC}") = "Orix.MeuControle.Domain", "Orix.MeuControle.Domain\Orix.MeuControle.Domain.csproj", "{138B209A-61A9-4517-B02D-EC1534653B65}"
EndProject
Project("{FAE04EC0-301F-11D3-BF4B-00C04F79EFBC}") = "Orix.MeuControle.Repository", "Orix.MeuControle.Repository\Orix.MeuControle.Repository.csproj", "{F3BAA43A-7F99-4C1B-B0C0-83EDF3F3FA25}"
EndProject
Project("{FAE04EC0-301F-11D3-BF4B-00C04F79EFBC}") = "Orix.MeuControle.DataAccess", "Orix.MeuControle.DataAccess\Orix.MeuControle.DataAccess.csproj", "{18B774B8-42F9-4A17-A6AF-227894A54F2D}"
EndProject
Project("{FAE04EC0-301F-11D3-BF4B-00C04F79EFBC}") = "Orix.MeuControle.Api", "Orix.MeuControle.Api\Orix.MeuControle.Api.csproj", "{D6D41F75-5087-4C94-9BFF-C4D63E9F06B3}"
EndProject
Project("{2150E333-8FDC-42A3-9474-1A3956D46DE8}") = "Apresentacao", "Apresentacao", "{A836FA3D-FCD7-4BDC-981C-674BB54D85AE}"
EndProject
Project("{2150E333-8FDC-42A3-9474-1A3956D46DE8}") = "Api", "Api", "{BE282AE5-B13E-4266-AC8E-40016C08D4F2}"
EndProject
Project("{FAE04EC0-301F-11D3-BF4B-00C04F79EFBC}") = "Orix.MeuControle.UI.Web", "Orix.MeuControle.UI.Web\Orix.MeuControle.UI.Web.csproj", "{0E040BCF-5A92-4DDD-967B-FDDA38B1E00C}"
EndProject
Project("{2150E333-8FDC-42A3-9474-1A3956D46DE8}") = "Test", "Test", "{63B9A335-E57C-411D-92AE-A89B3DD93425}"
EndProject
Project("{FAE04EC0-301F-11D3-BF4B-00C04F79EFBC}") = "MeuControle.Api.Test", "MeuControle.Api.Test\MeuControle.Api.Test.csproj", "{E50EC87A-4EC0-4510-89CA-10C014495B3F}"
EndProject
Global
	GlobalSection(SolutionConfigurationPlatforms) = preSolution
		Debug|Any CPU = Debug|Any CPU
		Release|Any CPU = Release|Any CPU
	EndGlobalSection
	GlobalSection(ProjectConfigurationPlatforms) = postSolution
		{138B209A-61A9-4517-B02D-EC1534653B65}.Debug|Any CPU.ActiveCfg = Debug|Any CPU
		{138B209A-61A9-4517-B02D-EC1534653B65}.Debug|Any CPU.Build.0 = Debug|Any CPU
		{138B209A-61A9-4517-B02D-EC1534653B65}.Release|Any CPU.ActiveCfg = Release|Any CPU
		{138B209A-61A9-4517-B02D-EC1534653B65}.Release|Any CPU.Build.0 = Release|Any CPU
		{F3BAA43A-7F99-4C1B-B0C0-83EDF3F3FA25}.Debug|Any CPU.ActiveCfg = Debug|Any CPU
		{F3BAA43A-7F99-4C1B-B0C0-83EDF3F3FA25}.Debug|Any CPU.Build.0 = Debug|Any CPU
		{F3BAA43A-7F99-4C1B-B0C0-83EDF3F3FA25}.Release|Any CPU.ActiveCfg = Release|Any CPU
		{F3BAA43A-7F99-4C1B-B0C0-83EDF3F3FA25}.Release|Any CPU.Build.0 = Release|Any CPU
		{18B774B8-42F9-4A17-A6AF-227894A54F2D}.Debug|Any CPU.ActiveCfg = Debug|Any CPU
		{18B774B8-42F9-4A17-A6AF-227894A54F2D}.Debug|Any CPU.Build.0 = Debug|Any CPU
		{18B774B8-42F9-4A17-A6AF-227894A54F2D}.Release|Any CPU.ActiveCfg = Release|Any CPU
		{18B774B8-42F9-4A17-A6AF-227894A54F2D}.Release|Any CPU.Build.0 = Release|Any CPU
		{D6D41F75-5087-4C94-9BFF-C4D63E9F06B3}.Debug|Any CPU.ActiveCfg = Debug|Any CPU
		{D6D41F75-5087-4C94-9BFF-C4D63E9F06B3}.Debug|Any CPU.Build.0 = Debug|Any CPU
		{D6D41F75-5087-4C94-9BFF-C4D63E9F06B3}.Release|Any CPU.ActiveCfg = Release|Any CPU
		{D6D41F75-5087-4C94-9BFF-C4D63E9F06B3}.Release|Any CPU.Build.0 = Release|Any CPU
		{0E040BCF-5A92-4DDD-967B-FDDA38B1E00C}.Debug|Any CPU.ActiveCfg = Debug|Any CPU
		{0E040BCF-5A92-4DDD-967B-FDDA38B1E00C}.Debug|Any CPU.Build.0 = Debug|Any CPU
		{0E040BCF-5A92-4DDD-967B-FDDA38B1E00C}.Release|Any CPU.ActiveCfg = Release|Any CPU
		{0E040BCF-5A92-4DDD-967B-FDDA38B1E00C}.Release|Any CPU.Build.0 = Release|Any CPU
		{E50EC87A-4EC0-4510-89CA-10C014495B3F}.Debug|Any CPU.ActiveCfg = Debug|Any CPU
		{E50EC87A-4EC0-4510-89CA-10C014495B3F}.Debug|Any CPU.Build.0 = Debug|Any CPU
		{E50EC87A-4EC0-4510-89CA-10C014495B3F}.Release|Any CPU.ActiveCfg = Release|Any CPU
		{E50EC87A-4EC0-4510-89CA-10C014495B3F}.Release|Any CPU.Build.0 = Release|Any CPU
	EndGlobalSection
	GlobalSection(SolutionProperties) = preSolution
		HideSolutionNode = FALSE
	EndGlobalSection
	GlobalSection(NestedProjects) = preSolution
		{138B209A-61A9-4517-B02D-EC1534653B65} = {BE282AE5-B13E-4266-AC8E-40016C08D4F2}
		{F3BAA43A-7F99-4C1B-B0C0-83EDF3F3FA25} = {BE282AE5-B13E-4266-AC8E-40016C08D4F2}
		{18B774B8-42F9-4A17-A6AF-227894A54F2D} = {BE282AE5-B13E-4266-AC8E-40016C08D4F2}
		{D6D41F75-5087-4C94-9BFF-C4D63E9F06B3} = {BE282AE5-B13E-4266-AC8E-40016C08D4F2}
		{0E040BCF-5A92-4DDD-967B-FDDA38B1E00C} = {A836FA3D-FCD7-4BDC-981C-674BB54D85AE}
		{E50EC87A-4EC0-4510-89CA-10C014495B3F} = {63B9A335-E57C-411D-92AE-A89B3DD93425}
	EndGlobalSection
EndGlobal
